
Microsoft Visual Studio Solution File, Format Version 12.00
# Visual Studio Version 16
VisualStudioVersion = 16.0.31911.196
MinimumVisualStudioVersion = 10.0.40219.1
Project("{FAE04EC0-301F-11D3-BF4B-00C04F79EFBC}") = "UnitTest_Mock", "UnitTest_Mock\UnitTest_Mock.csproj", "{25B22C76-B103-4924-9DC2-102A4D8889E9}"
EndProject
Global
	GlobalSection(SolutionConfigurationPlatforms) = preSolution
		Debug|Any CPU = Debug|Any CPU
		Release|Any CPU = Release|Any CPU
	EndGlobalSection
	GlobalSection(ProjectConfigurationPlatforms) = postSolution
		{25B22C76-B103-4924-9DC2-102A4D8889E9}.Debug|Any CPU.ActiveCfg = Debug|Any CPU
		{25B22C76-B103-4924-9DC2-102A4D8889E9}.Debug|Any CPU.Build.0 = Debug|Any CPU
		{25B22C76-B103-4924-9DC2-102A4D8889E9}.Release|Any CPU.ActiveCfg = Release|Any CPU
		{25B22C76-B103-4924-9DC2-102A4D8889E9}.Release|Any CPU.Build.0 = Release|Any CPU
	EndGlobalSection
	GlobalSection(SolutionProperties) = preSolution
		HideSolutionNode = FALSE
	EndGlobalSection
	GlobalSection(ExtensibilityGlobals) = postSolution
		SolutionGuid = {55B8E885-E19E-4FB8-8C7A-C9814D7D578A}
	EndGlobalSection
EndGlobal
